// !$*UTF8*$!
{
	archiveVersion = 1;
	classes = {
	};
	objectVersion = 46;
	objects = {

/* Begin PBXBuildFile section */
		3484FFBE1F0D37EB00986A69 /* AppDelegate.swift in Sources */ = {isa = PBXBuildFile; fileRef = 3484FFBD1F0D37EB00986A69 /* AppDelegate.swift */; };
		3484FFC31F0D37EB00986A69 /* Main.storyboard in Resources */ = {isa = PBXBuildFile; fileRef = 3484FFC11F0D37EB00986A69 /* Main.storyboard */; };
		3484FFC51F0D37EB00986A69 /* Assets.xcassets in Resources */ = {isa = PBXBuildFile; fileRef = 3484FFC41F0D37EB00986A69 /* Assets.xcassets */; };
		3484FFC81F0D37EB00986A69 /* LaunchScreen.storyboard in Resources */ = {isa = PBXBuildFile; fileRef = 3484FFC61F0D37EB00986A69 /* LaunchScreen.storyboard */; };
		3484FFD31F0D37EB00986A69 /* hello_swiftTests.swift in Sources */ = {isa = PBXBuildFile; fileRef = 3484FFD21F0D37EB00986A69 /* hello_swiftTests.swift */; };
		3484FFDE1F0D37EB00986A69 /* hello_swiftUITests.swift in Sources */ = {isa = PBXBuildFile; fileRef = 3484FFDD1F0D37EB00986A69 /* hello_swiftUITests.swift */; };
		57FC25B91F1634DF00D84B4D /* hello.framework in Frameworks */ = {isa = PBXBuildFile; fileRef = 57FC25B81F1634DF00D84B4D /* hello.framework */; };
		57FC25BA1F1634DF00D84B4D /* hello.framework in Embed Frameworks */ = {isa = PBXBuildFile; fileRef = 57FC25B81F1634DF00D84B4D /* hello.framework */; settings = {ATTRIBUTES = (CodeSignOnCopy, RemoveHeadersOnCopy, ); }; };
		8394336D1F18A820009D5914 /* BaseViewController.swift in Sources */ = {isa = PBXBuildFile; fileRef = 8394336C1F18A820009D5914 /* BaseViewController.swift */; };
		8394336F1F18BABC009D5914 /* BuiltinTypesViewController.swift in Sources */ = {isa = PBXBuildFile; fileRef = 8394336E1F18BABC009D5914 /* BuiltinTypesViewController.swift */; };
/* End PBXBuildFile section */

/* Begin PBXContainerItemProxy section */
		3484FFCF1F0D37EB00986A69 /* PBXContainerItemProxy */ = {
			isa = PBXContainerItemProxy;
			containerPortal = 3484FFB21F0D37EA00986A69 /* Project object */;
			proxyType = 1;
			remoteGlobalIDString = 3484FFB91F0D37EA00986A69;
			remoteInfo = hello_swift;
		};
		3484FFDA1F0D37EB00986A69 /* PBXContainerItemProxy */ = {
			isa = PBXContainerItemProxy;
			containerPortal = 3484FFB21F0D37EA00986A69 /* Project object */;
			proxyType = 1;
			remoteGlobalIDString = 3484FFB91F0D37EA00986A69;
			remoteInfo = hello_swift;
		};
/* End PBXContainerItemProxy section */

/* Begin PBXCopyFilesBuildPhase section */
		57FC25BB1F1634E000D84B4D /* Embed Frameworks */ = {
			isa = PBXCopyFilesBuildPhase;
			buildActionMask = 2147483647;
			dstPath = "";
			dstSubfolderSpec = 10;
			files = (
				57FC25BA1F1634DF00D84B4D /* hello.framework in Embed Frameworks */,
			);
			name = "Embed Frameworks";
			runOnlyForDeploymentPostprocessing = 0;
		};
/* End PBXCopyFilesBuildPhase section */

/* Begin PBXFileReference section */
		3484FFBA1F0D37EA00986A69 /* hello_swift.app */ = {isa = PBXFileReference; explicitFileType = wrapper.application; includeInIndex = 0; path = hello_swift.app; sourceTree = BUILT_PRODUCTS_DIR; };
		3484FFBD1F0D37EB00986A69 /* AppDelegate.swift */ = {isa = PBXFileReference; lastKnownFileType = sourcecode.swift; path = AppDelegate.swift; sourceTree = "<group>"; };
		3484FFC21F0D37EB00986A69 /* Base */ = {isa = PBXFileReference; lastKnownFileType = file.storyboard; name = Base; path = Base.lproj/Main.storyboard; sourceTree = "<group>"; };
		3484FFC41F0D37EB00986A69 /* Assets.xcassets */ = {isa = PBXFileReference; lastKnownFileType = folder.assetcatalog; path = Assets.xcassets; sourceTree = "<group>"; };
		3484FFC71F0D37EB00986A69 /* Base */ = {isa = PBXFileReference; lastKnownFileType = file.storyboard; name = Base; path = Base.lproj/LaunchScreen.storyboard; sourceTree = "<group>"; };
		3484FFC91F0D37EB00986A69 /* Info.plist */ = {isa = PBXFileReference; lastKnownFileType = text.plist.xml; path = Info.plist; sourceTree = "<group>"; };
		3484FFCE1F0D37EB00986A69 /* hello_swiftTests.xctest */ = {isa = PBXFileReference; explicitFileType = wrapper.cfbundle; includeInIndex = 0; path = hello_swiftTests.xctest; sourceTree = BUILT_PRODUCTS_DIR; };
		3484FFD21F0D37EB00986A69 /* hello_swiftTests.swift */ = {isa = PBXFileReference; lastKnownFileType = sourcecode.swift; path = hello_swiftTests.swift; sourceTree = "<group>"; };
		3484FFD41F0D37EB00986A69 /* Info.plist */ = {isa = PBXFileReference; lastKnownFileType = text.plist.xml; path = Info.plist; sourceTree = "<group>"; };
		3484FFD91F0D37EB00986A69 /* hello_swiftUITests.xctest */ = {isa = PBXFileReference; explicitFileType = wrapper.cfbundle; includeInIndex = 0; path = hello_swiftUITests.xctest; sourceTree = BUILT_PRODUCTS_DIR; };
		3484FFDD1F0D37EB00986A69 /* hello_swiftUITests.swift */ = {isa = PBXFileReference; lastKnownFileType = sourcecode.swift; path = hello_swiftUITests.swift; sourceTree = "<group>"; };
		3484FFDF1F0D37EB00986A69 /* Info.plist */ = {isa = PBXFileReference; lastKnownFileType = text.plist.xml; path = Info.plist; sourceTree = "<group>"; };
		57FC25B81F1634DF00D84B4D /* hello.framework */ = {isa = PBXFileReference; lastKnownFileType = wrapper.framework; name = hello.framework; path = Frameworks/hello.framework; sourceTree = "<group>"; };
		8394336C1F18A820009D5914 /* BaseViewController.swift */ = {isa = PBXFileReference; fileEncoding = 4; lastKnownFileType = sourcecode.swift; path = BaseViewController.swift; sourceTree = "<group>"; };
		8394336E1F18BABC009D5914 /* BuiltinTypesViewController.swift */ = {isa = PBXFileReference; fileEncoding = 4; lastKnownFileType = sourcecode.swift; path = BuiltinTypesViewController.swift; sourceTree = "<group>"; };
/* End PBXFileReference section */

/* Begin PBXFrameworksBuildPhase section */
		3484FFB71F0D37EA00986A69 /* Frameworks */ = {
			isa = PBXFrameworksBuildPhase;
			buildActionMask = 2147483647;
			files = (
				57FC25B91F1634DF00D84B4D /* hello.framework in Frameworks */,
			);
			runOnlyForDeploymentPostprocessing = 0;
		};
		3484FFCB1F0D37EB00986A69 /* Frameworks */ = {
			isa = PBXFrameworksBuildPhase;
			buildActionMask = 2147483647;
			files = (
			);
			runOnlyForDeploymentPostprocessing = 0;
		};
		3484FFD61F0D37EB00986A69 /* Frameworks */ = {
			isa = PBXFrameworksBuildPhase;
			buildActionMask = 2147483647;
			files = (
			);
			runOnlyForDeploymentPostprocessing = 0;
		};
/* End PBXFrameworksBuildPhase section */

/* Begin PBXGroup section */
		3484FFB11F0D37EA00986A69 = {
			isa = PBXGroup;
			children = (
				57FC25B81F1634DF00D84B4D /* hello.framework */,
				3484FFBC1F0D37EA00986A69 /* hello_swift */,
				3484FFD11F0D37EB00986A69 /* hello_swiftTests */,
				3484FFDC1F0D37EB00986A69 /* hello_swiftUITests */,
				3484FFBB1F0D37EA00986A69 /* Products */,
			);
			sourceTree = "<group>";
		};
		3484FFBB1F0D37EA00986A69 /* Products */ = {
			isa = PBXGroup;
			children = (
				3484FFBA1F0D37EA00986A69 /* hello_swift.app */,
				3484FFCE1F0D37EB00986A69 /* hello_swiftTests.xctest */,
				3484FFD91F0D37EB00986A69 /* hello_swiftUITests.xctest */,
			);
			name = Products;
			sourceTree = "<group>";
		};
		3484FFBC1F0D37EA00986A69 /* hello_swift */ = {
			isa = PBXGroup;
			children = (
				3484FFBD1F0D37EB00986A69 /* AppDelegate.swift */,
				3484FFC11F0D37EB00986A69 /* Main.storyboard */,
				3484FFC41F0D37EB00986A69 /* Assets.xcassets */,
				3484FFC61F0D37EB00986A69 /* LaunchScreen.storyboard */,
				3484FFC91F0D37EB00986A69 /* Info.plist */,
				8394336C1F18A820009D5914 /* BaseViewController.swift */,
				8394336E1F18BABC009D5914 /* BuiltinTypesViewController.swift */,
			);
			path = hello_swift;
			sourceTree = "<group>";
		};
		3484FFD11F0D37EB00986A69 /* hello_swiftTests */ = {
			isa = PBXGroup;
			children = (
				3484FFD21F0D37EB00986A69 /* hello_swiftTests.swift */,
				3484FFD41F0D37EB00986A69 /* Info.plist */,
			);
			path = hello_swiftTests;
			sourceTree = "<group>";
		};
		3484FFDC1F0D37EB00986A69 /* hello_swiftUITests */ = {
			isa = PBXGroup;
			children = (
				3484FFDD1F0D37EB00986A69 /* hello_swiftUITests.swift */,
				3484FFDF1F0D37EB00986A69 /* Info.plist */,
			);
			path = hello_swiftUITests;
			sourceTree = "<group>";
		};
/* End PBXGroup section */

/* Begin PBXNativeTarget section */
		3484FFB91F0D37EA00986A69 /* hello_swift */ = {
			isa = PBXNativeTarget;
			buildConfigurationList = 3484FFE21F0D37EB00986A69 /* Build configuration list for PBXNativeTarget "hello_swift" */;
			buildPhases = (
				57FC25BD1F189A0500D84B4D /* ShellScript */,
				3484FFB61F0D37EA00986A69 /* Sources */,
				3484FFB71F0D37EA00986A69 /* Frameworks */,
				3484FFB81F0D37EA00986A69 /* Resources */,
				57FC25BB1F1634E000D84B4D /* Embed Frameworks */,
			);
			buildRules = (
			);
			dependencies = (
			);
			name = hello_swift;
			productName = hello_swift;
			productReference = 3484FFBA1F0D37EA00986A69 /* hello_swift.app */;
			productType = "com.apple.product-type.application";
		};
		3484FFCD1F0D37EB00986A69 /* hello_swiftTests */ = {
			isa = PBXNativeTarget;
			buildConfigurationList = 3484FFE51F0D37EB00986A69 /* Build configuration list for PBXNativeTarget "hello_swiftTests" */;
			buildPhases = (
				3484FFCA1F0D37EB00986A69 /* Sources */,
				3484FFCB1F0D37EB00986A69 /* Frameworks */,
				3484FFCC1F0D37EB00986A69 /* Resources */,
			);
			buildRules = (
			);
			dependencies = (
				3484FFD01F0D37EB00986A69 /* PBXTargetDependency */,
			);
			name = hello_swiftTests;
			productName = hello_swiftTests;
			productReference = 3484FFCE1F0D37EB00986A69 /* hello_swiftTests.xctest */;
			productType = "com.apple.product-type.bundle.unit-test";
		};
		3484FFD81F0D37EB00986A69 /* hello_swiftUITests */ = {
			isa = PBXNativeTarget;
			buildConfigurationList = 3484FFE81F0D37EB00986A69 /* Build configuration list for PBXNativeTarget "hello_swiftUITests" */;
			buildPhases = (
				3484FFD51F0D37EB00986A69 /* Sources */,
				3484FFD61F0D37EB00986A69 /* Frameworks */,
				3484FFD71F0D37EB00986A69 /* Resources */,
			);
			buildRules = (
			);
			dependencies = (
				3484FFDB1F0D37EB00986A69 /* PBXTargetDependency */,
			);
			name = hello_swiftUITests;
			productName = hello_swiftUITests;
			productReference = 3484FFD91F0D37EB00986A69 /* hello_swiftUITests.xctest */;
			productType = "com.apple.product-type.bundle.ui-testing";
		};
/* End PBXNativeTarget section */

/* Begin PBXProject section */
		3484FFB21F0D37EA00986A69 /* Project object */ = {
			isa = PBXProject;
			attributes = {
				LastSwiftUpdateCheck = 0830;
				LastUpgradeCheck = 0830;
				ORGANIZATIONNAME = HERE;
				TargetAttributes = {
					3484FFB91F0D37EA00986A69 = {
						CreatedOnToolsVersion = 8.3.3;
						ProvisioningStyle = Automatic;
					};
					3484FFCD1F0D37EB00986A69 = {
						CreatedOnToolsVersion = 8.3.3;
						ProvisioningStyle = Automatic;
						TestTargetID = 3484FFB91F0D37EA00986A69;
					};
					3484FFD81F0D37EB00986A69 = {
						CreatedOnToolsVersion = 8.3.3;
						ProvisioningStyle = Automatic;
						TestTargetID = 3484FFB91F0D37EA00986A69;
					};
				};
			};
			buildConfigurationList = 3484FFB51F0D37EA00986A69 /* Build configuration list for PBXProject "hello_swift" */;
			compatibilityVersion = "Xcode 3.2";
			developmentRegion = English;
			hasScannedForEncodings = 0;
			knownRegions = (
				en,
				Base,
			);
			mainGroup = 3484FFB11F0D37EA00986A69;
			productRefGroup = 3484FFBB1F0D37EA00986A69 /* Products */;
			projectDirPath = "";
			projectRoot = "";
			targets = (
				3484FFB91F0D37EA00986A69 /* hello_swift */,
				3484FFCD1F0D37EB00986A69 /* hello_swiftTests */,
				3484FFD81F0D37EB00986A69 /* hello_swiftUITests */,
			);
		};
/* End PBXProject section */

/* Begin PBXResourcesBuildPhase section */
		3484FFB81F0D37EA00986A69 /* Resources */ = {
			isa = PBXResourcesBuildPhase;
			buildActionMask = 2147483647;
			files = (
				3484FFC81F0D37EB00986A69 /* LaunchScreen.storyboard in Resources */,
				3484FFC51F0D37EB00986A69 /* Assets.xcassets in Resources */,
				3484FFC31F0D37EB00986A69 /* Main.storyboard in Resources */,
			);
			runOnlyForDeploymentPostprocessing = 0;
		};
		3484FFCC1F0D37EB00986A69 /* Resources */ = {
			isa = PBXResourcesBuildPhase;
			buildActionMask = 2147483647;
			files = (
			);
			runOnlyForDeploymentPostprocessing = 0;
		};
		3484FFD71F0D37EB00986A69 /* Resources */ = {
			isa = PBXResourcesBuildPhase;
			buildActionMask = 2147483647;
			files = (
			);
			runOnlyForDeploymentPostprocessing = 0;
		};
/* End PBXResourcesBuildPhase section */

/* Begin PBXShellScriptBuildPhase section */
		57FC25BD1F189A0500D84B4D /* ShellScript */ = {
			isa = PBXShellScriptBuildPhase;
			buildActionMask = 2147483647;
			files = (
			);
			inputPaths = (
			);
			outputPaths = (
			);
			runOnlyForDeploymentPostprocessing = 0;
			shellPath = /bin/sh;
			shellScript = "../../scripts/build-ios-on-mac Frameworks";
		};
/* End PBXShellScriptBuildPhase section */

/* Begin PBXSourcesBuildPhase section */
		3484FFB61F0D37EA00986A69 /* Sources */ = {
			isa = PBXSourcesBuildPhase;
			buildActionMask = 2147483647;
			files = (
				8394336F1F18BABC009D5914 /* BuiltinTypesViewController.swift in Sources */,
				8394336D1F18A820009D5914 /* BaseViewController.swift in Sources */,
				3484FFBE1F0D37EB00986A69 /* AppDelegate.swift in Sources */,
			);
			runOnlyForDeploymentPostprocessing = 0;
		};
		3484FFCA1F0D37EB00986A69 /* Sources */ = {
			isa = PBXSourcesBuildPhase;
			buildActionMask = 2147483647;
			files = (
				3484FFD31F0D37EB00986A69 /* hello_swiftTests.swift in Sources */,
			);
			runOnlyForDeploymentPostprocessing = 0;
		};
		3484FFD51F0D37EB00986A69 /* Sources */ = {
			isa = PBXSourcesBuildPhase;
			buildActionMask = 2147483647;
			files = (
				3484FFDE1F0D37EB00986A69 /* hello_swiftUITests.swift in Sources */,
			);
			runOnlyForDeploymentPostprocessing = 0;
		};
/* End PBXSourcesBuildPhase section */

/* Begin PBXTargetDependency section */
		3484FFD01F0D37EB00986A69 /* PBXTargetDependency */ = {
			isa = PBXTargetDependency;
			target = 3484FFB91F0D37EA00986A69 /* hello_swift */;
			targetProxy = 3484FFCF1F0D37EB00986A69 /* PBXContainerItemProxy */;
		};
		3484FFDB1F0D37EB00986A69 /* PBXTargetDependency */ = {
			isa = PBXTargetDependency;
			target = 3484FFB91F0D37EA00986A69 /* hello_swift */;
			targetProxy = 3484FFDA1F0D37EB00986A69 /* PBXContainerItemProxy */;
		};
/* End PBXTargetDependency section */

/* Begin PBXVariantGroup section */
		3484FFC11F0D37EB00986A69 /* Main.storyboard */ = {
			isa = PBXVariantGroup;
			children = (
				3484FFC21F0D37EB00986A69 /* Base */,
			);
			name = Main.storyboard;
			sourceTree = "<group>";
		};
		3484FFC61F0D37EB00986A69 /* LaunchScreen.storyboard */ = {
			isa = PBXVariantGroup;
			children = (
				3484FFC71F0D37EB00986A69 /* Base */,
			);
			name = LaunchScreen.storyboard;
			sourceTree = "<group>";
		};
/* End PBXVariantGroup section */

/* Begin XCBuildConfiguration section */
		3484FFE01F0D37EB00986A69 /* Debug */ = {
			isa = XCBuildConfiguration;
			buildSettings = {
				ALWAYS_SEARCH_USER_PATHS = NO;
				CLANG_ANALYZER_NONNULL = YES;
				CLANG_ANALYZER_NUMBER_OBJECT_CONVERSION = YES_AGGRESSIVE;
				CLANG_CXX_LANGUAGE_STANDARD = "gnu++0x";
				CLANG_CXX_LIBRARY = "libc++";
				CLANG_ENABLE_MODULES = YES;
				CLANG_ENABLE_OBJC_ARC = YES;
				CLANG_WARN_BOOL_CONVERSION = YES;
				CLANG_WARN_CONSTANT_CONVERSION = YES;
				CLANG_WARN_DIRECT_OBJC_ISA_USAGE = YES_ERROR;
				CLANG_WARN_DOCUMENTATION_COMMENTS = YES;
				CLANG_WARN_EMPTY_BODY = YES;
				CLANG_WARN_ENUM_CONVERSION = YES;
				CLANG_WARN_INFINITE_RECURSION = YES;
				CLANG_WARN_INT_CONVERSION = YES;
				CLANG_WARN_OBJC_ROOT_CLASS = YES_ERROR;
				CLANG_WARN_SUSPICIOUS_MOVE = YES;
				CLANG_WARN_UNREACHABLE_CODE = YES;
				CLANG_WARN__DUPLICATE_METHOD_MATCH = YES;
				"CODE_SIGN_IDENTITY[sdk=iphoneos*]" = "iPhone Developer";
				COPY_PHASE_STRIP = NO;
				DEBUG_INFORMATION_FORMAT = dwarf;
				ENABLE_STRICT_OBJC_MSGSEND = YES;
				ENABLE_TESTABILITY = YES;
				GCC_C_LANGUAGE_STANDARD = gnu99;
				GCC_DYNAMIC_NO_PIC = NO;
				GCC_NO_COMMON_BLOCKS = YES;
				GCC_OPTIMIZATION_LEVEL = 0;
				GCC_PREPROCESSOR_DEFINITIONS = (
					"DEBUG=1",
					"$(inherited)",
				);
				GCC_WARN_64_TO_32_BIT_CONVERSION = YES;
				GCC_WARN_ABOUT_RETURN_TYPE = YES_ERROR;
				GCC_WARN_UNDECLARED_SELECTOR = YES;
				GCC_WARN_UNINITIALIZED_AUTOS = YES_AGGRESSIVE;
				GCC_WARN_UNUSED_FUNCTION = YES;
				GCC_WARN_UNUSED_VARIABLE = YES;
				IPHONEOS_DEPLOYMENT_TARGET = 10.3;
				MTL_ENABLE_DEBUG_INFO = YES;
				ONLY_ACTIVE_ARCH = YES;
				SDKROOT = iphoneos;
				SWIFT_ACTIVE_COMPILATION_CONDITIONS = DEBUG;
				SWIFT_OPTIMIZATION_LEVEL = "-Onone";
				TARGETED_DEVICE_FAMILY = "1,2";
			};
			name = Debug;
		};
		3484FFE11F0D37EB00986A69 /* Release */ = {
			isa = XCBuildConfiguration;
			buildSettings = {
				ALWAYS_SEARCH_USER_PATHS = NO;
				CLANG_ANALYZER_NONNULL = YES;
				CLANG_ANALYZER_NUMBER_OBJECT_CONVERSION = YES_AGGRESSIVE;
				CLANG_CXX_LANGUAGE_STANDARD = "gnu++0x";
				CLANG_CXX_LIBRARY = "libc++";
				CLANG_ENABLE_MODULES = YES;
				CLANG_ENABLE_OBJC_ARC = YES;
				CLANG_WARN_BOOL_CONVERSION = YES;
				CLANG_WARN_CONSTANT_CONVERSION = YES;
				CLANG_WARN_DIRECT_OBJC_ISA_USAGE = YES_ERROR;
				CLANG_WARN_DOCUMENTATION_COMMENTS = YES;
				CLANG_WARN_EMPTY_BODY = YES;
				CLANG_WARN_ENUM_CONVERSION = YES;
				CLANG_WARN_INFINITE_RECURSION = YES;
				CLANG_WARN_INT_CONVERSION = YES;
				CLANG_WARN_OBJC_ROOT_CLASS = YES_ERROR;
				CLANG_WARN_SUSPICIOUS_MOVE = YES;
				CLANG_WARN_UNREACHABLE_CODE = YES;
				CLANG_WARN__DUPLICATE_METHOD_MATCH = YES;
				"CODE_SIGN_IDENTITY[sdk=iphoneos*]" = "iPhone Developer";
				COPY_PHASE_STRIP = NO;
				DEBUG_INFORMATION_FORMAT = "dwarf-with-dsym";
				ENABLE_NS_ASSERTIONS = NO;
				ENABLE_STRICT_OBJC_MSGSEND = YES;
				GCC_C_LANGUAGE_STANDARD = gnu99;
				GCC_NO_COMMON_BLOCKS = YES;
				GCC_WARN_64_TO_32_BIT_CONVERSION = YES;
				GCC_WARN_ABOUT_RETURN_TYPE = YES_ERROR;
				GCC_WARN_UNDECLARED_SELECTOR = YES;
				GCC_WARN_UNINITIALIZED_AUTOS = YES_AGGRESSIVE;
				GCC_WARN_UNUSED_FUNCTION = YES;
				GCC_WARN_UNUSED_VARIABLE = YES;
				IPHONEOS_DEPLOYMENT_TARGET = 10.3;
				MTL_ENABLE_DEBUG_INFO = NO;
				SDKROOT = iphoneos;
				SWIFT_OPTIMIZATION_LEVEL = "-Owholemodule";
				TARGETED_DEVICE_FAMILY = "1,2";
				VALIDATE_PRODUCT = YES;
			};
			name = Release;
		};
		3484FFE31F0D37EB00986A69 /* Debug */ = {
			isa = XCBuildConfiguration;
			buildSettings = {
				ASSETCATALOG_COMPILER_APPICON_NAME = AppIcon;
				DEVELOPMENT_TEAM = "";
				FRAMEWORK_SEARCH_PATHS = (
					"$(inherited)",
					"$(PROJECT_DIR)/Frameworks",
				);
				INFOPLIST_FILE = hello_swift/Info.plist;
				IPHONEOS_DEPLOYMENT_TARGET = 9.3;
				LD_RUNPATH_SEARCH_PATHS = "$(inherited) @executable_path/Frameworks";
				PRODUCT_BUNDLE_IDENTIFIER = "com.here.ivi.hello-swift";
				PRODUCT_NAME = "$(TARGET_NAME)";
				SWIFT_VERSION = 3.0;
			};
			name = Debug;
		};
		3484FFE41F0D37EB00986A69 /* Release */ = {
			isa = XCBuildConfiguration;
			buildSettings = {
				ASSETCATALOG_COMPILER_APPICON_NAME = AppIcon;
				DEVELOPMENT_TEAM = "";
				FRAMEWORK_SEARCH_PATHS = (
					"$(inherited)",
					"$(PROJECT_DIR)/Frameworks",
				);
				INFOPLIST_FILE = hello_swift/Info.plist;
				IPHONEOS_DEPLOYMENT_TARGET = 9.3;
				LD_RUNPATH_SEARCH_PATHS = "$(inherited) @executable_path/Frameworks";
				PRODUCT_BUNDLE_IDENTIFIER = "com.here.ivi.hello-swift";
				PRODUCT_NAME = "$(TARGET_NAME)";
				SWIFT_VERSION = 3.0;
			};
			name = Release;
		};
		3484FFE61F0D37EB00986A69 /* Debug */ = {
			isa = XCBuildConfiguration;
			buildSettings = {
				ALWAYS_EMBED_SWIFT_STANDARD_LIBRARIES = YES;
				BUNDLE_LOADER = "$(TEST_HOST)";
				INFOPLIST_FILE = hello_swiftTests/Info.plist;
				LD_RUNPATH_SEARCH_PATHS = "$(inherited) @executable_path/Frameworks @loader_path/Frameworks";
				PRODUCT_BUNDLE_IDENTIFIER = "HERE.hello-swiftTests";
				PRODUCT_NAME = "$(TARGET_NAME)";
				SWIFT_VERSION = 3.0;
				TEST_HOST = "$(BUILT_PRODUCTS_DIR)/hello_swift.app/hello_swift";
			};
			name = Debug;
		};
		3484FFE71F0D37EB00986A69 /* Release */ = {
			isa = XCBuildConfiguration;
			buildSettings = {
				ALWAYS_EMBED_SWIFT_STANDARD_LIBRARIES = YES;
				BUNDLE_LOADER = "$(TEST_HOST)";
				INFOPLIST_FILE = hello_swiftTests/Info.plist;
				LD_RUNPATH_SEARCH_PATHS = "$(inherited) @executable_path/Frameworks @loader_path/Frameworks";
				PRODUCT_BUNDLE_IDENTIFIER = "HERE.hello-swiftTests";
				PRODUCT_NAME = "$(TARGET_NAME)";
				SWIFT_VERSION = 3.0;
				TEST_HOST = "$(BUILT_PRODUCTS_DIR)/hello_swift.app/hello_swift";
			};
			name = Release;
		};
		3484FFE91F0D37EB00986A69 /* Debug */ = {
			isa = XCBuildConfiguration;
			buildSettings = {
				ALWAYS_EMBED_SWIFT_STANDARD_LIBRARIES = YES;
				INFOPLIST_FILE = hello_swiftUITests/Info.plist;
				LD_RUNPATH_SEARCH_PATHS = "$(inherited) @executable_path/Frameworks @loader_path/Frameworks";
				PRODUCT_BUNDLE_IDENTIFIER = "HERE.hello-swiftUITests";
				PRODUCT_NAME = "$(TARGET_NAME)";
				SWIFT_VERSION = 3.0;
				TEST_TARGET_NAME = hello_swift;
			};
			name = Debug;
		};
		3484FFEA1F0D37EB00986A69 /* Release */ = {
			isa = XCBuildConfiguration;
			buildSettings = {
				ALWAYS_EMBED_SWIFT_STANDARD_LIBRARIES = YES;
				INFOPLIST_FILE = hello_swiftUITests/Info.plist;
				LD_RUNPATH_SEARCH_PATHS = "$(inherited) @executable_path/Frameworks @loader_path/Frameworks";
				PRODUCT_BUNDLE_IDENTIFIER = "HERE.hello-swiftUITests";
				PRODUCT_NAME = "$(TARGET_NAME)";
				SWIFT_VERSION = 3.0;
				TEST_TARGET_NAME = hello_swift;
			};
			name = Release;
		};
/* End XCBuildConfiguration section */

/* Begin XCConfigurationList section */
		3484FFB51F0D37EA00986A69 /* Build configuration list for PBXProject "hello_swift" */ = {
			isa = XCConfigurationList;
			buildConfigurations = (
				3484FFE01F0D37EB00986A69 /* Debug */,
				3484FFE11F0D37EB00986A69 /* Release */,
			);
			defaultConfigurationIsVisible = 0;
			defaultConfigurationName = Release;
		};
		3484FFE21F0D37EB00986A69 /* Build configuration list for PBXNativeTarget "hello_swift" */ = {
			isa = XCConfigurationList;
			buildConfigurations = (
				3484FFE31F0D37EB00986A69 /* Debug */,
				3484FFE41F0D37EB00986A69 /* Release */,
			);
			defaultConfigurationIsVisible = 0;
			defaultConfigurationName = Release;
		};
		3484FFE51F0D37EB00986A69 /* Build configuration list for PBXNativeTarget "hello_swiftTests" */ = {
			isa = XCConfigurationList;
			buildConfigurations = (
				3484FFE61F0D37EB00986A69 /* Debug */,
				3484FFE71F0D37EB00986A69 /* Release */,
			);
			defaultConfigurationIsVisible = 0;
			defaultConfigurationName = Release;
		};
		3484FFE81F0D37EB00986A69 /* Build configuration list for PBXNativeTarget "hello_swiftUITests" */ = {
			isa = XCConfigurationList;
			buildConfigurations = (
				3484FFE91F0D37EB00986A69 /* Debug */,
				3484FFEA1F0D37EB00986A69 /* Release */,
			);
			defaultConfigurationIsVisible = 0;
			defaultConfigurationName = Release;
		};
/* End XCConfigurationList section */
	};
	rootObject = 3484FFB21F0D37EA00986A69 /* Project object */;
}
