// !$*UTF8*$!
{
	archiveVersion = 1;
	classes = {
	};
	objectVersion = 46;
	objects = {

/* Begin PBXBuildFile section */
		3484FFBE1F0D37EB00986A69 /* AppDelegate.swift in Sources */ = {isa = PBXBuildFile; fileRef = 3484FFBD1F0D37EB00986A69 /* AppDelegate.swift */; };
		4F5CD2E320ED12FA004A6CB6 /* Equatable.storyboard in Resources */ = {isa = PBXBuildFile; fileRef = 4F5CD2E220ED12FA004A6CB6 /* Equatable.storyboard */; };
		4FE05CE32151388200CA51D1 /* EquatableViewController.swift in Sources */ = {isa = PBXBuildFile; fileRef = 4FE05CE22151388200CA51D1 /* EquatableViewController.swift */; };
		577E024A1FBC9E2F00F0CA64 /* ListenersTableViewCell.swift in Sources */ = {isa = PBXBuildFile; fileRef = 577E02491FBC9E2F00F0CA64 /* ListenersTableViewCell.swift */; };
		577E024C1FBC9FEB00F0CA64 /* AsynchronousListenersViewController.swift in Sources */ = {isa = PBXBuildFile; fileRef = 577E024B1FBC9FEB00F0CA64 /* AsynchronousListenersViewController.swift */; };
		579C7C5E1FBB35830018D88E /* Listeners.storyboard in Resources */ = {isa = PBXBuildFile; fileRef = 579C7C5D1FBB35830018D88E /* Listeners.storyboard */; };
		57DD66961FC6DCBB0032B29A /* SynchronousListenersViewController.swift in Sources */ = {isa = PBXBuildFile; fileRef = 57DD66951FC6DCBB0032B29A /* SynchronousListenersViewController.swift */; };
		57FC25B91F1634DF00D84B4D /* hello.framework in Frameworks */ = {isa = PBXBuildFile; fileRef = 57FC25B81F1634DF00D84B4D /* hello.framework */; };
		57FC25BA1F1634DF00D84B4D /* hello.framework in Embed Frameworks */ = {isa = PBXBuildFile; fileRef = 57FC25B81F1634DF00D84B4D /* hello.framework */; settings = {ATTRIBUTES = (CodeSignOnCopy, RemoveHeadersOnCopy, ); }; };
		832CC36E1FE7EB0400D1769F /* HTML.swift in Sources */ = {isa = PBXBuildFile; fileRef = 832CC36D1FE7EB0400D1769F /* HTML.swift */; };
		832CC3701FE7EB0B00D1769F /* Defaults.swift in Sources */ = {isa = PBXBuildFile; fileRef = 832CC36F1FE7EB0B00D1769F /* Defaults.swift */; };
		832CC3721FE7EB1500D1769F /* Defaults.storyboard in Resources */ = {isa = PBXBuildFile; fileRef = 832CC3711FE7EB1500D1769F /* Defaults.storyboard */; };
		8376A53F203318A000A72DAB /* Inheritance.storyboard in Resources */ = {isa = PBXBuildFile; fileRef = 8376A53E203318A000A72DAB /* Inheritance.storyboard */; };
		83866F6F20502F3B00020778 /* MapsViewController.swift in Sources */ = {isa = PBXBuildFile; fileRef = 83866F6E20502F3B00020778 /* MapsViewController.swift */; };
		83866F7220502F4D00020778 /* Maps.storyboard in Resources */ = {isa = PBXBuildFile; fileRef = 83866F7020502F4C00020778 /* Maps.storyboard */; };
		83866F7320502F4D00020778 /* MapsTableViewCell.swift in Sources */ = {isa = PBXBuildFile; fileRef = 83866F7120502F4C00020778 /* MapsTableViewCell.swift */; };
		839203E61F7E931D00799587 /* EnumsViewController.swift in Sources */ = {isa = PBXBuildFile; fileRef = 839203E51F7E931D00799587 /* EnumsViewController.swift */; };
		8394336D1F18A820009D5914 /* BaseViewController.swift in Sources */ = {isa = PBXBuildFile; fileRef = 8394336C1F18A820009D5914 /* BaseViewController.swift */; };
		8394336F1F18BABC009D5914 /* BuiltinTypesViewController.swift in Sources */ = {isa = PBXBuildFile; fileRef = 8394336E1F18BABC009D5914 /* BuiltinTypesViewController.swift */; };
		839B32081F9E3189002E04A6 /* Attributes.storyboard in Resources */ = {isa = PBXBuildFile; fileRef = 839B32071F9E3189002E04A6 /* Attributes.storyboard */; };
		839B320A1F9E3193002E04A6 /* AttributesViewController+HTML.swift in Sources */ = {isa = PBXBuildFile; fileRef = 839B32091F9E3193002E04A6 /* AttributesViewController+HTML.swift */; };
		839B320C1F9E31A5002E04A6 /* AttributesViewController.swift in Sources */ = {isa = PBXBuildFile; fileRef = 839B320B1F9E31A5002E04A6 /* AttributesViewController.swift */; };
		83BBDEC6203635B4004C4706 /* InheritanceViewController.swift in Sources */ = {isa = PBXBuildFile; fileRef = 83BBDEC5203635B4004C4706 /* InheritanceViewController.swift */; };
		83C6C2331F7E851300376FD6 /* InstancesViewController.swift in Sources */ = {isa = PBXBuildFile; fileRef = 83C6C2321F7E851200376FD6 /* InstancesViewController.swift */; };
		83E266041FD822AD00C2B1C7 /* ErrorsViewController.swift in Sources */ = {isa = PBXBuildFile; fileRef = 83E266031FD822AD00C2B1C7 /* ErrorsViewController.swift */; };
		83E266061FD822B400C2B1C7 /* Errors.storyboard in Resources */ = {isa = PBXBuildFile; fileRef = 83E266051FD822B400C2B1C7 /* Errors.storyboard */; };
		C421390F1F8FA80E0019AF14 /* UIView+UI.swift in Sources */ = {isa = PBXBuildFile; fileRef = C421390E1F8FA80E0019AF14 /* UIView+UI.swift */; };
		C42139131F8FA8220019AF14 /* TypedefsViewController.swift in Sources */ = {isa = PBXBuildFile; fileRef = C42139121F8FA8220019AF14 /* TypedefsViewController.swift */; };
		C448B98E1FBAF1C700AFD6CE /* Arrays.storyboard in Resources */ = {isa = PBXBuildFile; fileRef = C448B98D1FBAF1C600AFD6CE /* Arrays.storyboard */; };
		C448B9901FBAF1D300AFD6CE /* ArraysViewController.swift in Sources */ = {isa = PBXBuildFile; fileRef = C448B98F1FBAF1D300AFD6CE /* ArraysViewController.swift */; };
		C477F4941F8FBE200073F27A /* Base.storyboard in Resources */ = {isa = PBXBuildFile; fileRef = C49F95891F8E58270069AB1C /* Base.storyboard */; };
		C477F4951F8FBE200073F27A /* LaunchScreen.storyboard in Resources */ = {isa = PBXBuildFile; fileRef = C49F95881F8E58270069AB1C /* LaunchScreen.storyboard */; };
		C477F4961F8FBE200073F27A /* Main.storyboard in Resources */ = {isa = PBXBuildFile; fileRef = C49F95871F8E58270069AB1C /* Main.storyboard */; };
		C477F4971F8FBE200073F27A /* Structs.storyboard in Resources */ = {isa = PBXBuildFile; fileRef = C49F95901F8E58A50069AB1C /* Structs.storyboard */; };
		C477F4981F8FBE200073F27A /* Instances.storyboard in Resources */ = {isa = PBXBuildFile; fileRef = C49F958E1F8E58970069AB1C /* Instances.storyboard */; };
		C477F4991F8FBE200073F27A /* Enums.storyboard in Resources */ = {isa = PBXBuildFile; fileRef = C49F958C1F8E58840069AB1C /* Enums.storyboard */; };
		C477F49A1F8FBE200073F27A /* BuiltinTypes.storyboard in Resources */ = {isa = PBXBuildFile; fileRef = C49F958A1F8E58730069AB1C /* BuiltinTypes.storyboard */; };
		C477F49B1F8FBE200073F27A /* Typedefs.storyboard in Resources */ = {isa = PBXBuildFile; fileRef = C42139141F8FA8320019AF14 /* Typedefs.storyboard */; };
		C477F49D1F8FBF8D0073F27A /* UIViewController+Keyboard.swift in Sources */ = {isa = PBXBuildFile; fileRef = C477F49C1F8FBF8D0073F27A /* UIViewController+Keyboard.swift */; };
		C477F49F1F90A0D40073F27A /* UIApplication+Version.swift in Sources */ = {isa = PBXBuildFile; fileRef = C477F49E1F90A0D40073F27A /* UIApplication+Version.swift */; };
		C49F95981F8E59EC0069AB1C /* Storyboard+Utils.swift in Sources */ = {isa = PBXBuildFile; fileRef = C49F95971F8E59EC0069AB1C /* Storyboard+Utils.swift */; };
		C49F959A1F8E626C0069AB1C /* MenuTableViewController.swift in Sources */ = {isa = PBXBuildFile; fileRef = C49F95991F8E626C0069AB1C /* MenuTableViewController.swift */; };
		C851A6881F59A8AB00FB2D3B /* StructsViewController.swift in Sources */ = {isa = PBXBuildFile; fileRef = C851A6871F59A8AB00FB2D3B /* StructsViewController.swift */; };
/* End PBXBuildFile section */

/* Begin PBXCopyFilesBuildPhase section */
		57FC25BB1F1634E000D84B4D /* Embed Frameworks */ = {
			isa = PBXCopyFilesBuildPhase;
			buildActionMask = 2147483647;
			dstPath = "";
			dstSubfolderSpec = 10;
			files = (
				57FC25BA1F1634DF00D84B4D /* hello.framework in Embed Frameworks */,
			);
			name = "Embed Frameworks";
			runOnlyForDeploymentPostprocessing = 0;
		};
/* End PBXCopyFilesBuildPhase section */

/* Begin PBXFileReference section */
		3484FFBA1F0D37EA00986A69 /* hello_swift.app */ = {isa = PBXFileReference; explicitFileType = wrapper.application; includeInIndex = 0; path = hello_swift.app; sourceTree = BUILT_PRODUCTS_DIR; };
		3484FFBD1F0D37EB00986A69 /* AppDelegate.swift */ = {isa = PBXFileReference; lastKnownFileType = sourcecode.swift; path = AppDelegate.swift; sourceTree = "<group>"; };
		3484FFC41F0D37EB00986A69 /* Assets.xcassets */ = {isa = PBXFileReference; lastKnownFileType = folder.assetcatalog; path = Assets.xcassets; sourceTree = "<group>"; };
		3484FFC91F0D37EB00986A69 /* Info.plist */ = {isa = PBXFileReference; lastKnownFileType = text.plist.xml; path = Info.plist; sourceTree = "<group>"; };
		4F5CD2E220ED12FA004A6CB6 /* Equatable.storyboard */ = {isa = PBXFileReference; fileEncoding = 4; lastKnownFileType = file.storyboard; path = Equatable.storyboard; sourceTree = "<group>"; };
		4FE05CE22151388200CA51D1 /* EquatableViewController.swift */ = {isa = PBXFileReference; fileEncoding = 4; lastKnownFileType = sourcecode.swift; path = EquatableViewController.swift; sourceTree = "<group>"; };
		577E02491FBC9E2F00F0CA64 /* ListenersTableViewCell.swift */ = {isa = PBXFileReference; lastKnownFileType = sourcecode.swift; path = ListenersTableViewCell.swift; sourceTree = "<group>"; };
		577E024B1FBC9FEB00F0CA64 /* AsynchronousListenersViewController.swift */ = {isa = PBXFileReference; lastKnownFileType = sourcecode.swift; path = AsynchronousListenersViewController.swift; sourceTree = "<group>"; };
		579C7C5D1FBB35830018D88E /* Listeners.storyboard */ = {isa = PBXFileReference; lastKnownFileType = file.storyboard; path = Listeners.storyboard; sourceTree = "<group>"; };
		57DD66951FC6DCBB0032B29A /* SynchronousListenersViewController.swift */ = {isa = PBXFileReference; lastKnownFileType = sourcecode.swift; path = SynchronousListenersViewController.swift; sourceTree = "<group>"; };
		57FC25B81F1634DF00D84B4D /* hello.framework */ = {isa = PBXFileReference; lastKnownFileType = wrapper.framework; name = hello.framework; path = Frameworks/hello.framework; sourceTree = "<group>"; };
		832CC36D1FE7EB0400D1769F /* HTML.swift */ = {isa = PBXFileReference; fileEncoding = 4; lastKnownFileType = sourcecode.swift; path = HTML.swift; sourceTree = "<group>"; };
		832CC36F1FE7EB0B00D1769F /* Defaults.swift */ = {isa = PBXFileReference; fileEncoding = 4; lastKnownFileType = sourcecode.swift; path = Defaults.swift; sourceTree = "<group>"; };
		832CC3711FE7EB1500D1769F /* Defaults.storyboard */ = {isa = PBXFileReference; fileEncoding = 4; lastKnownFileType = file.storyboard; path = Defaults.storyboard; sourceTree = "<group>"; };
		8376A53E203318A000A72DAB /* Inheritance.storyboard */ = {isa = PBXFileReference; fileEncoding = 4; lastKnownFileType = file.storyboard; path = Inheritance.storyboard; sourceTree = "<group>"; };
		83866F6E20502F3B00020778 /* MapsViewController.swift */ = {isa = PBXFileReference; fileEncoding = 4; lastKnownFileType = sourcecode.swift; path = MapsViewController.swift; sourceTree = "<group>"; };
		83866F7020502F4C00020778 /* Maps.storyboard */ = {isa = PBXFileReference; fileEncoding = 4; lastKnownFileType = file.storyboard; path = Maps.storyboard; sourceTree = "<group>"; };
		83866F7120502F4C00020778 /* MapsTableViewCell.swift */ = {isa = PBXFileReference; fileEncoding = 4; lastKnownFileType = sourcecode.swift; path = MapsTableViewCell.swift; sourceTree = "<group>"; };
		839203E51F7E931D00799587 /* EnumsViewController.swift */ = {isa = PBXFileReference; lastKnownFileType = sourcecode.swift; path = EnumsViewController.swift; sourceTree = "<group>"; };
		8394336C1F18A820009D5914 /* BaseViewController.swift */ = {isa = PBXFileReference; fileEncoding = 4; lastKnownFileType = sourcecode.swift; path = BaseViewController.swift; sourceTree = "<group>"; };
		8394336E1F18BABC009D5914 /* BuiltinTypesViewController.swift */ = {isa = PBXFileReference; fileEncoding = 4; lastKnownFileType = sourcecode.swift; path = BuiltinTypesViewController.swift; sourceTree = "<group>"; };
		839B32071F9E3189002E04A6 /* Attributes.storyboard */ = {isa = PBXFileReference; fileEncoding = 4; lastKnownFileType = file.storyboard; path = Attributes.storyboard; sourceTree = "<group>"; };
		839B32091F9E3193002E04A6 /* AttributesViewController+HTML.swift */ = {isa = PBXFileReference; fileEncoding = 4; lastKnownFileType = sourcecode.swift; path = "AttributesViewController+HTML.swift"; sourceTree = "<group>"; };
		839B320B1F9E31A5002E04A6 /* AttributesViewController.swift */ = {isa = PBXFileReference; fileEncoding = 4; lastKnownFileType = sourcecode.swift; path = AttributesViewController.swift; sourceTree = "<group>"; };
		83BBDEC5203635B4004C4706 /* InheritanceViewController.swift */ = {isa = PBXFileReference; fileEncoding = 4; lastKnownFileType = sourcecode.swift; path = InheritanceViewController.swift; sourceTree = "<group>"; };
		83C6C2321F7E851200376FD6 /* InstancesViewController.swift */ = {isa = PBXFileReference; lastKnownFileType = sourcecode.swift; path = InstancesViewController.swift; sourceTree = "<group>"; };
		83E266031FD822AD00C2B1C7 /* ErrorsViewController.swift */ = {isa = PBXFileReference; fileEncoding = 4; lastKnownFileType = sourcecode.swift; path = ErrorsViewController.swift; sourceTree = "<group>"; };
		83E266051FD822B400C2B1C7 /* Errors.storyboard */ = {isa = PBXFileReference; fileEncoding = 4; lastKnownFileType = file.storyboard; path = Errors.storyboard; sourceTree = "<group>"; };
		C421390E1F8FA80E0019AF14 /* UIView+UI.swift */ = {isa = PBXFileReference; lastKnownFileType = sourcecode.swift; path = "UIView+UI.swift"; sourceTree = "<group>"; };
		C42139121F8FA8220019AF14 /* TypedefsViewController.swift */ = {isa = PBXFileReference; lastKnownFileType = sourcecode.swift; path = TypedefsViewController.swift; sourceTree = "<group>"; };
		C42139141F8FA8320019AF14 /* Typedefs.storyboard */ = {isa = PBXFileReference; lastKnownFileType = file.storyboard; path = Typedefs.storyboard; sourceTree = "<group>"; };
		C448B98D1FBAF1C600AFD6CE /* Arrays.storyboard */ = {isa = PBXFileReference; fileEncoding = 4; lastKnownFileType = file.storyboard; path = Arrays.storyboard; sourceTree = "<group>"; };
		C448B98F1FBAF1D300AFD6CE /* ArraysViewController.swift */ = {isa = PBXFileReference; fileEncoding = 4; lastKnownFileType = sourcecode.swift; path = ArraysViewController.swift; sourceTree = "<group>"; };
		C477F49C1F8FBF8D0073F27A /* UIViewController+Keyboard.swift */ = {isa = PBXFileReference; lastKnownFileType = sourcecode.swift; path = "UIViewController+Keyboard.swift"; sourceTree = "<group>"; };
		C477F49E1F90A0D40073F27A /* UIApplication+Version.swift */ = {isa = PBXFileReference; lastKnownFileType = sourcecode.swift; path = "UIApplication+Version.swift"; sourceTree = "<group>"; };
		C49F95871F8E58270069AB1C /* Main.storyboard */ = {isa = PBXFileReference; lastKnownFileType = file.storyboard; path = Main.storyboard; sourceTree = "<group>"; };
		C49F95881F8E58270069AB1C /* LaunchScreen.storyboard */ = {isa = PBXFileReference; lastKnownFileType = file.storyboard; path = LaunchScreen.storyboard; sourceTree = "<group>"; };
		C49F95891F8E58270069AB1C /* Base.storyboard */ = {isa = PBXFileReference; lastKnownFileType = file.storyboard; path = Base.storyboard; sourceTree = "<group>"; };
		C49F958A1F8E58730069AB1C /* BuiltinTypes.storyboard */ = {isa = PBXFileReference; fileEncoding = 4; lastKnownFileType = file.storyboard; path = BuiltinTypes.storyboard; sourceTree = "<group>"; };
		C49F958C1F8E58840069AB1C /* Enums.storyboard */ = {isa = PBXFileReference; fileEncoding = 4; lastKnownFileType = file.storyboard; path = Enums.storyboard; sourceTree = "<group>"; };
		C49F958E1F8E58970069AB1C /* Instances.storyboard */ = {isa = PBXFileReference; fileEncoding = 4; lastKnownFileType = file.storyboard; path = Instances.storyboard; sourceTree = "<group>"; };
		C49F95901F8E58A50069AB1C /* Structs.storyboard */ = {isa = PBXFileReference; fileEncoding = 4; lastKnownFileType = file.storyboard; path = Structs.storyboard; sourceTree = "<group>"; };
		C49F95971F8E59EC0069AB1C /* Storyboard+Utils.swift */ = {isa = PBXFileReference; lastKnownFileType = sourcecode.swift; path = "Storyboard+Utils.swift"; sourceTree = "<group>"; };
		C49F95991F8E626C0069AB1C /* MenuTableViewController.swift */ = {isa = PBXFileReference; lastKnownFileType = sourcecode.swift; path = MenuTableViewController.swift; sourceTree = "<group>"; };
		C851A6871F59A8AB00FB2D3B /* StructsViewController.swift */ = {isa = PBXFileReference; fileEncoding = 4; lastKnownFileType = sourcecode.swift; path = StructsViewController.swift; sourceTree = "<group>"; };
/* End PBXFileReference section */

/* Begin PBXFrameworksBuildPhase section */
		3484FFB71F0D37EA00986A69 /* Frameworks */ = {
			isa = PBXFrameworksBuildPhase;
			buildActionMask = 2147483647;
			files = (
				57FC25B91F1634DF00D84B4D /* hello.framework in Frameworks */,
			);
			runOnlyForDeploymentPostprocessing = 0;
		};
/* End PBXFrameworksBuildPhase section */

/* Begin PBXGroup section */
		3484FFB11F0D37EA00986A69 = {
			isa = PBXGroup;
			children = (
				57FC25B81F1634DF00D84B4D /* hello.framework */,
				3484FFBC1F0D37EA00986A69 /* hello_swift */,
				3484FFBB1F0D37EA00986A69 /* Products */,
			);
			sourceTree = "<group>";
		};
		3484FFBB1F0D37EA00986A69 /* Products */ = {
			isa = PBXGroup;
			children = (
				3484FFBA1F0D37EA00986A69 /* hello_swift.app */,
			);
			name = Products;
			sourceTree = "<group>";
		};
		3484FFBC1F0D37EA00986A69 /* hello_swift */ = {
			isa = PBXGroup;
			children = (
				3484FFBD1F0D37EB00986A69 /* AppDelegate.swift */,
				C49F95941F8E59180069AB1C /* Resources */,
				C49F95931F8E590C0069AB1C /* Utils */,
				C49F95921F8E58FA0069AB1C /* ViewControllers */,
				C49F95841F8E57A30069AB1C /* UI */,
			);
			path = hello_swift;
			sourceTree = "<group>";
		};
		C49F95841F8E57A30069AB1C /* UI */ = {
			isa = PBXGroup;
			children = (
				83866F7020502F4C00020778 /* Maps.storyboard */,
				83866F7120502F4C00020778 /* MapsTableViewCell.swift */,
				832CC3711FE7EB1500D1769F /* Defaults.storyboard */,
				83E266051FD822B400C2B1C7 /* Errors.storyboard */,
				C448B98D1FBAF1C600AFD6CE /* Arrays.storyboard */,
				839B32071F9E3189002E04A6 /* Attributes.storyboard */,
				C49F95891F8E58270069AB1C /* Base.storyboard */,
				4F5CD2E220ED12FA004A6CB6 /* Equatable.storyboard */,
				C49F95881F8E58270069AB1C /* LaunchScreen.storyboard */,
				C49F95871F8E58270069AB1C /* Main.storyboard */,
				C49F95901F8E58A50069AB1C /* Structs.storyboard */,
				8376A53E203318A000A72DAB /* Inheritance.storyboard */,
				C49F958E1F8E58970069AB1C /* Instances.storyboard */,
				C49F958C1F8E58840069AB1C /* Enums.storyboard */,
				C49F958A1F8E58730069AB1C /* BuiltinTypes.storyboard */,
				C42139141F8FA8320019AF14 /* Typedefs.storyboard */,
				579C7C5D1FBB35830018D88E /* Listeners.storyboard */,
				577E02491FBC9E2F00F0CA64 /* ListenersTableViewCell.swift */,
			);
			path = UI;
			sourceTree = "<group>";
		};
		C49F95921F8E58FA0069AB1C /* ViewControllers */ = {
			isa = PBXGroup;
			children = (
				83866F6E20502F3B00020778 /* MapsViewController.swift */,
				83BBDEC5203635B4004C4706 /* InheritanceViewController.swift */,
				832CC36F1FE7EB0B00D1769F /* Defaults.swift */,
				83E266031FD822AD00C2B1C7 /* ErrorsViewController.swift */,
				C448B98F1FBAF1D300AFD6CE /* ArraysViewController.swift */,
				839B320B1F9E31A5002E04A6 /* AttributesViewController.swift */,
				C42139121F8FA8220019AF14 /* TypedefsViewController.swift */,
				8394336C1F18A820009D5914 /* BaseViewController.swift */,
				4FE05CE22151388200CA51D1 /* EquatableViewController.swift */,
				8394336E1F18BABC009D5914 /* BuiltinTypesViewController.swift */,
				83C6C2321F7E851200376FD6 /* InstancesViewController.swift */,
				C851A6871F59A8AB00FB2D3B /* StructsViewController.swift */,
				839203E51F7E931D00799587 /* EnumsViewController.swift */,
				C49F95991F8E626C0069AB1C /* MenuTableViewController.swift */,
				577E024B1FBC9FEB00F0CA64 /* AsynchronousListenersViewController.swift */,
				57DD66951FC6DCBB0032B29A /* SynchronousListenersViewController.swift */,
			);
			path = ViewControllers;
			sourceTree = "<group>";
		};
		C49F95931F8E590C0069AB1C /* Utils */ = {
			isa = PBXGroup;
			children = (
				832CC36D1FE7EB0400D1769F /* HTML.swift */,
				839B32091F9E3193002E04A6 /* AttributesViewController+HTML.swift */,
				C421390E1F8FA80E0019AF14 /* UIView+UI.swift */,
				C49F95971F8E59EC0069AB1C /* Storyboard+Utils.swift */,
				C477F49C1F8FBF8D0073F27A /* UIViewController+Keyboard.swift */,
				C477F49E1F90A0D40073F27A /* UIApplication+Version.swift */,
			);
			path = Utils;
			sourceTree = "<group>";
		};
		C49F95941F8E59180069AB1C /* Resources */ = {
			isa = PBXGroup;
			children = (
				3484FFC41F0D37EB00986A69 /* Assets.xcassets */,
				3484FFC91F0D37EB00986A69 /* Info.plist */,
			);
			path = Resources;
			sourceTree = "<group>";
		};
/* End PBXGroup section */

/* Begin PBXNativeTarget section */
		3484FFB91F0D37EA00986A69 /* hello_swift */ = {
			isa = PBXNativeTarget;
			buildConfigurationList = 3484FFE21F0D37EB00986A69 /* Build configuration list for PBXNativeTarget "hello_swift" */;
			buildPhases = (
				57FC25BD1F189A0500D84B4D /* ShellScript */,
				3484FFB61F0D37EA00986A69 /* Sources */,
				3484FFB71F0D37EA00986A69 /* Frameworks */,
				C477F4A01F90B6C00073F27A /* ShellScript */,
				3484FFB81F0D37EA00986A69 /* Resources */,
				57FC25BB1F1634E000D84B4D /* Embed Frameworks */,
			);
			buildRules = (
			);
			dependencies = (
			);
			name = hello_swift;
			productName = hello_swift;
			productReference = 3484FFBA1F0D37EA00986A69 /* hello_swift.app */;
			productType = "com.apple.product-type.application";
		};
/* End PBXNativeTarget section */

/* Begin PBXProject section */
		3484FFB21F0D37EA00986A69 /* Project object */ = {
			isa = PBXProject;
			attributes = {
				LastSwiftUpdateCheck = 0830;
				LastUpgradeCheck = 0900;
				ORGANIZATIONNAME = HERE;
				TargetAttributes = {
					3484FFB91F0D37EA00986A69 = {
						CreatedOnToolsVersion = 8.3.3;
						ProvisioningStyle = Automatic;
					};
				};
			};
			buildConfigurationList = 3484FFB51F0D37EA00986A69 /* Build configuration list for PBXProject "hello_swift" */;
			compatibilityVersion = "Xcode 3.2";
			developmentRegion = English;
			hasScannedForEncodings = 0;
			knownRegions = (
				en,
				Base,
			);
			mainGroup = 3484FFB11F0D37EA00986A69;
			productRefGroup = 3484FFBB1F0D37EA00986A69 /* Products */;
			projectDirPath = "";
			projectRoot = "";
			targets = (
				3484FFB91F0D37EA00986A69 /* hello_swift */,
			);
		};
/* End PBXProject section */

/* Begin PBXResourcesBuildPhase section */
		3484FFB81F0D37EA00986A69 /* Resources */ = {
			isa = PBXResourcesBuildPhase;
			buildActionMask = 2147483647;
			files = (
				C477F4941F8FBE200073F27A /* Base.storyboard in Resources */,
				C477F4951F8FBE200073F27A /* LaunchScreen.storyboard in Resources */,
				579C7C5E1FBB35830018D88E /* Listeners.storyboard in Resources */,
				8376A53F203318A000A72DAB /* Inheritance.storyboard in Resources */,
				C477F4961F8FBE200073F27A /* Main.storyboard in Resources */,
				C477F4971F8FBE200073F27A /* Structs.storyboard in Resources */,
				C477F4981F8FBE200073F27A /* Instances.storyboard in Resources */,
				83866F7220502F4D00020778 /* Maps.storyboard in Resources */,
				832CC3721FE7EB1500D1769F /* Defaults.storyboard in Resources */,
				C477F4991F8FBE200073F27A /* Enums.storyboard in Resources */,
				C477F49A1F8FBE200073F27A /* BuiltinTypes.storyboard in Resources */,
				C477F49B1F8FBE200073F27A /* Typedefs.storyboard in Resources */,
				83E266061FD822B400C2B1C7 /* Errors.storyboard in Resources */,
				C448B98E1FBAF1C700AFD6CE /* Arrays.storyboard in Resources */,
				839B32081F9E3189002E04A6 /* Attributes.storyboard in Resources */,
				4F5CD2E320ED12FA004A6CB6 /* Equatable.storyboard in Resources */,
			);
			runOnlyForDeploymentPostprocessing = 0;
		};
/* End PBXResourcesBuildPhase section */

/* Begin PBXShellScriptBuildPhase section */
		57FC25BD1F189A0500D84B4D /* ShellScript */ = {
			isa = PBXShellScriptBuildPhase;
			buildActionMask = 2147483647;
			files = (
			);
			inputPaths = (
			);
			outputPaths = (
			);
			runOnlyForDeploymentPostprocessing = 0;
			shellPath = /bin/sh;
			shellScript = "../../scripts/build-ios-on-mac Frameworks";
		};
		C477F4A01F90B6C00073F27A /* ShellScript */ = {
			isa = PBXShellScriptBuildPhase;
			buildActionMask = 2147483647;
			files = (
			);
			inputPaths = (
			);
			outputPaths = (
			);
			runOnlyForDeploymentPostprocessing = 0;
			shellPath = /bin/sh;
			shellScript = "if which swiftlint >/dev/null; then\nswiftlint\nelse\necho \"warning: SwiftLint does not exist, download it -> brew install swiftlint\"\nfi";
		};
/* End PBXShellScriptBuildPhase section */

/* Begin PBXSourcesBuildPhase section */
		3484FFB61F0D37EA00986A69 /* Sources */ = {
			isa = PBXSourcesBuildPhase;
			buildActionMask = 2147483647;
			files = (
				832CC36E1FE7EB0400D1769F /* HTML.swift in Sources */,
				C421390F1F8FA80E0019AF14 /* UIView+UI.swift in Sources */,
				83E266041FD822AD00C2B1C7 /* ErrorsViewController.swift in Sources */,
				83BBDEC6203635B4004C4706 /* InheritanceViewController.swift in Sources */,
				8394336F1F18BABC009D5914 /* BuiltinTypesViewController.swift in Sources */,
				C477F49D1F8FBF8D0073F27A /* UIViewController+Keyboard.swift in Sources */,
				83866F7320502F4D00020778 /* MapsTableViewCell.swift in Sources */,
				577E024A1FBC9E2F00F0CA64 /* ListenersTableViewCell.swift in Sources */,
				839203E61F7E931D00799587 /* EnumsViewController.swift in Sources */,
				839B320A1F9E3193002E04A6 /* AttributesViewController+HTML.swift in Sources */,
				839B320C1F9E31A5002E04A6 /* AttributesViewController.swift in Sources */,
				C448B9901FBAF1D300AFD6CE /* ArraysViewController.swift in Sources */,
				577E024C1FBC9FEB00F0CA64 /* AsynchronousListenersViewController.swift in Sources */,
				C477F49F1F90A0D40073F27A /* UIApplication+Version.swift in Sources */,
				83C6C2331F7E851300376FD6 /* InstancesViewController.swift in Sources */,
				C851A6881F59A8AB00FB2D3B /* StructsViewController.swift in Sources */,
				4FE05CE32151388200CA51D1 /* EquatableViewController.swift in Sources */,
				8394336D1F18A820009D5914 /* BaseViewController.swift in Sources */,
				C49F959A1F8E626C0069AB1C /* MenuTableViewController.swift in Sources */,
				C49F95981F8E59EC0069AB1C /* Storyboard+Utils.swift in Sources */,
				57DD66961FC6DCBB0032B29A /* SynchronousListenersViewController.swift in Sources */,
				83866F6F20502F3B00020778 /* MapsViewController.swift in Sources */,
				C42139131F8FA8220019AF14 /* TypedefsViewController.swift in Sources */,
				3484FFBE1F0D37EB00986A69 /* AppDelegate.swift in Sources */,
				832CC3701FE7EB0B00D1769F /* Defaults.swift in Sources */,
			);
			runOnlyForDeploymentPostprocessing = 0;
		};
/* End PBXSourcesBuildPhase section */

/* Begin XCBuildConfiguration section */
		3484FFE01F0D37EB00986A69 /* Debug */ = {
			isa = XCBuildConfiguration;
			buildSettings = {
				ALWAYS_SEARCH_USER_PATHS = NO;
				CLANG_ANALYZER_NONNULL = YES;
				CLANG_ANALYZER_NUMBER_OBJECT_CONVERSION = YES_AGGRESSIVE;
				CLANG_CXX_LANGUAGE_STANDARD = "gnu++0x";
				CLANG_CXX_LIBRARY = "libc++";
				CLANG_ENABLE_MODULES = YES;
				CLANG_ENABLE_OBJC_ARC = YES;
				CLANG_WARN_BLOCK_CAPTURE_AUTORELEASING = YES;
				CLANG_WARN_BOOL_CONVERSION = YES;
				CLANG_WARN_COMMA = YES;
				CLANG_WARN_CONSTANT_CONVERSION = YES;
				CLANG_WARN_DIRECT_OBJC_ISA_USAGE = YES_ERROR;
				CLANG_WARN_DOCUMENTATION_COMMENTS = YES;
				CLANG_WARN_EMPTY_BODY = YES;
				CLANG_WARN_ENUM_CONVERSION = YES;
				CLANG_WARN_INFINITE_RECURSION = YES;
				CLANG_WARN_INT_CONVERSION = YES;
				CLANG_WARN_NON_LITERAL_NULL_CONVERSION = YES;
				CLANG_WARN_OBJC_LITERAL_CONVERSION = YES;
				CLANG_WARN_OBJC_ROOT_CLASS = YES_ERROR;
				CLANG_WARN_RANGE_LOOP_ANALYSIS = YES;
				CLANG_WARN_STRICT_PROTOTYPES = YES;
				CLANG_WARN_SUSPICIOUS_MOVE = YES;
				CLANG_WARN_UNREACHABLE_CODE = YES;
				CLANG_WARN__DUPLICATE_METHOD_MATCH = YES;
				"CODE_SIGN_IDENTITY[sdk=iphoneos*]" = "iPhone Developer";
				COPY_PHASE_STRIP = NO;
				DEBUG_INFORMATION_FORMAT = dwarf;
				ENABLE_STRICT_OBJC_MSGSEND = YES;
				ENABLE_TESTABILITY = YES;
				GCC_C_LANGUAGE_STANDARD = gnu99;
				GCC_DYNAMIC_NO_PIC = NO;
				GCC_NO_COMMON_BLOCKS = YES;
				GCC_OPTIMIZATION_LEVEL = 0;
				GCC_PREPROCESSOR_DEFINITIONS = (
					"DEBUG=1",
					"$(inherited)",
				);
				GCC_WARN_64_TO_32_BIT_CONVERSION = YES;
				GCC_WARN_ABOUT_RETURN_TYPE = YES_ERROR;
				GCC_WARN_UNDECLARED_SELECTOR = YES;
				GCC_WARN_UNINITIALIZED_AUTOS = YES_AGGRESSIVE;
				GCC_WARN_UNUSED_FUNCTION = YES;
				GCC_WARN_UNUSED_VARIABLE = YES;
				IPHONEOS_DEPLOYMENT_TARGET = 10.3;
				MTL_ENABLE_DEBUG_INFO = YES;
				ONLY_ACTIVE_ARCH = YES;
				SDKROOT = iphoneos;
				SWIFT_ACTIVE_COMPILATION_CONDITIONS = DEBUG;
				SWIFT_OPTIMIZATION_LEVEL = "-Onone";
				TARGETED_DEVICE_FAMILY = "1,2";
			};
			name = Debug;
		};
		3484FFE11F0D37EB00986A69 /* Release */ = {
			isa = XCBuildConfiguration;
			buildSettings = {
				ALWAYS_SEARCH_USER_PATHS = NO;
				CLANG_ANALYZER_NONNULL = YES;
				CLANG_ANALYZER_NUMBER_OBJECT_CONVERSION = YES_AGGRESSIVE;
				CLANG_CXX_LANGUAGE_STANDARD = "gnu++0x";
				CLANG_CXX_LIBRARY = "libc++";
				CLANG_ENABLE_MODULES = YES;
				CLANG_ENABLE_OBJC_ARC = YES;
				CLANG_WARN_BLOCK_CAPTURE_AUTORELEASING = YES;
				CLANG_WARN_BOOL_CONVERSION = YES;
				CLANG_WARN_COMMA = YES;
				CLANG_WARN_CONSTANT_CONVERSION = YES;
				CLANG_WARN_DIRECT_OBJC_ISA_USAGE = YES_ERROR;
				CLANG_WARN_DOCUMENTATION_COMMENTS = YES;
				CLANG_WARN_EMPTY_BODY = YES;
				CLANG_WARN_ENUM_CONVERSION = YES;
				CLANG_WARN_INFINITE_RECURSION = YES;
				CLANG_WARN_INT_CONVERSION = YES;
				CLANG_WARN_NON_LITERAL_NULL_CONVERSION = YES;
				CLANG_WARN_OBJC_LITERAL_CONVERSION = YES;
				CLANG_WARN_OBJC_ROOT_CLASS = YES_ERROR;
				CLANG_WARN_RANGE_LOOP_ANALYSIS = YES;
				CLANG_WARN_STRICT_PROTOTYPES = YES;
				CLANG_WARN_SUSPICIOUS_MOVE = YES;
				CLANG_WARN_UNREACHABLE_CODE = YES;
				CLANG_WARN__DUPLICATE_METHOD_MATCH = YES;
				"CODE_SIGN_IDENTITY[sdk=iphoneos*]" = "iPhone Developer";
				COPY_PHASE_STRIP = NO;
				DEBUG_INFORMATION_FORMAT = "dwarf-with-dsym";
				ENABLE_NS_ASSERTIONS = NO;
				ENABLE_STRICT_OBJC_MSGSEND = YES;
				GCC_C_LANGUAGE_STANDARD = gnu99;
				GCC_NO_COMMON_BLOCKS = YES;
				GCC_WARN_64_TO_32_BIT_CONVERSION = YES;
				GCC_WARN_ABOUT_RETURN_TYPE = YES_ERROR;
				GCC_WARN_UNDECLARED_SELECTOR = YES;
				GCC_WARN_UNINITIALIZED_AUTOS = YES_AGGRESSIVE;
				GCC_WARN_UNUSED_FUNCTION = YES;
				GCC_WARN_UNUSED_VARIABLE = YES;
				IPHONEOS_DEPLOYMENT_TARGET = 10.3;
				MTL_ENABLE_DEBUG_INFO = NO;
				SDKROOT = iphoneos;
				SWIFT_OPTIMIZATION_LEVEL = "-Owholemodule";
				TARGETED_DEVICE_FAMILY = "1,2";
				VALIDATE_PRODUCT = YES;
			};
			name = Release;
		};
		3484FFE31F0D37EB00986A69 /* Debug */ = {
			isa = XCBuildConfiguration;
			buildSettings = {
				ASSETCATALOG_COMPILER_APPICON_NAME = AppIcon;
				DEVELOPMENT_TEAM = "";
				FRAMEWORK_SEARCH_PATHS = (
					"$(inherited)",
					"$(PROJECT_DIR)/Frameworks",
				);
				INFOPLIST_FILE = hello_swift/Resources/Info.plist;
				IPHONEOS_DEPLOYMENT_TARGET = 9.3;
				LD_RUNPATH_SEARCH_PATHS = "$(inherited) @executable_path/Frameworks";
				PRODUCT_BUNDLE_IDENTIFIER = "com.here.ivi.hello-swift";
				PRODUCT_NAME = "$(TARGET_NAME)";
				SWIFT_VERSION = 4.0;
				VALID_ARCHS = "arm64 x86_64";
			};
			name = Debug;
		};
		3484FFE41F0D37EB00986A69 /* Release */ = {
			isa = XCBuildConfiguration;
			buildSettings = {
				ASSETCATALOG_COMPILER_APPICON_NAME = AppIcon;
				DEVELOPMENT_TEAM = "";
				FRAMEWORK_SEARCH_PATHS = (
					"$(inherited)",
					"$(PROJECT_DIR)/Frameworks",
				);
				INFOPLIST_FILE = hello_swift/Resources/Info.plist;
				IPHONEOS_DEPLOYMENT_TARGET = 9.3;
				LD_RUNPATH_SEARCH_PATHS = "$(inherited) @executable_path/Frameworks";
				PRODUCT_BUNDLE_IDENTIFIER = "com.here.ivi.hello-swift";
				PRODUCT_NAME = "$(TARGET_NAME)";
				SWIFT_VERSION = 4.0;
				VALID_ARCHS = "arm64 x86_64";
			};
			name = Release;
		};
/* End XCBuildConfiguration section */

/* Begin XCConfigurationList section */
		3484FFB51F0D37EA00986A69 /* Build configuration list for PBXProject "hello_swift" */ = {
			isa = XCConfigurationList;
			buildConfigurations = (
				3484FFE01F0D37EB00986A69 /* Debug */,
				3484FFE11F0D37EB00986A69 /* Release */,
			);
			defaultConfigurationIsVisible = 0;
			defaultConfigurationName = Release;
		};
		3484FFE21F0D37EB00986A69 /* Build configuration list for PBXNativeTarget "hello_swift" */ = {
			isa = XCConfigurationList;
			buildConfigurations = (
				3484FFE31F0D37EB00986A69 /* Debug */,
				3484FFE41F0D37EB00986A69 /* Release */,
			);
			defaultConfigurationIsVisible = 0;
			defaultConfigurationName = Release;
		};
/* End XCConfigurationList section */
	};
	rootObject = 3484FFB21F0D37EA00986A69 /* Project object */;
}
